
Microsoft Visual Studio Solution File, Format Version 12.00
# Visual Studio 15
VisualStudioVersion = 15.0.28307.1321
MinimumVisualStudioVersion = 10.0.40219.1
Project("{FAE04EC0-301F-11D3-BF4B-00C04F79EFBC}") = "AppSoftClean", "AppSoftClean\AppSoftClean.csproj", "{D06DE65F-AB58-4206-8243-53C968645ADC}"
EndProject
Project("{FAE04EC0-301F-11D3-BF4B-00C04F79EFBC}") = "AppSoftClean.Data", "AppSoftClean.Data\AppSoftClean.Data.csproj", "{203D8C9A-1947-4F50-A454-5A5523C227DB}"
EndProject
Project("{FAE04EC0-301F-11D3-BF4B-00C04F79EFBC}") = "AppSoftClean.Web", "AppSoftClean.Web\AppSoftClean.Web.csproj", "{CA6D44A3-D371-4CD1-A571-E0F850AA287E}"
EndProject
Global
	GlobalSection(SolutionConfigurationPlatforms) = preSolution
		Debug|Any CPU = Debug|Any CPU
		Release|Any CPU = Release|Any CPU
	EndGlobalSection
	GlobalSection(ProjectConfigurationPlatforms) = postSolution
		{D06DE65F-AB58-4206-8243-53C968645ADC}.Debug|Any CPU.ActiveCfg = Debug|Any CPU
		{D06DE65F-AB58-4206-8243-53C968645ADC}.Debug|Any CPU.Build.0 = Debug|Any CPU
		{D06DE65F-AB58-4206-8243-53C968645ADC}.Release|Any CPU.ActiveCfg = Release|Any CPU
		{D06DE65F-AB58-4206-8243-53C968645ADC}.Release|Any CPU.Build.0 = Release|Any CPU
		{203D8C9A-1947-4F50-A454-5A5523C227DB}.Debug|Any CPU.ActiveCfg = Debug|Any CPU
		{203D8C9A-1947-4F50-A454-5A5523C227DB}.Debug|Any CPU.Build.0 = Debug|Any CPU
		{203D8C9A-1947-4F50-A454-5A5523C227DB}.Release|Any CPU.ActiveCfg = Release|Any CPU
		{203D8C9A-1947-4F50-A454-5A5523C227DB}.Release|Any CPU.Build.0 = Release|Any CPU
		{CA6D44A3-D371-4CD1-A571-E0F850AA287E}.Debug|Any CPU.ActiveCfg = Debug|Any CPU
		{CA6D44A3-D371-4CD1-A571-E0F850AA287E}.Debug|Any CPU.Build.0 = Debug|Any CPU
		{CA6D44A3-D371-4CD1-A571-E0F850AA287E}.Release|Any CPU.ActiveCfg = Release|Any CPU
		{CA6D44A3-D371-4CD1-A571-E0F850AA287E}.Release|Any CPU.Build.0 = Release|Any CPU
	EndGlobalSection
	GlobalSection(SolutionProperties) = preSolution
		HideSolutionNode = FALSE
	EndGlobalSection
	GlobalSection(ExtensibilityGlobals) = postSolution
		SolutionGuid = {CB0C3D41-CFA2-4B5C-B865-1C2D4C10CD10}
	EndGlobalSection
EndGlobal
